// !$*UTF8*$!
{
	archiveVersion = 1;
	classes = {
	};
	objectVersion = 56;
	objects = {

/* Begin PBXBuildFile section */
		6F1504A72C0B80EA003784C2 /* UniversalClipboardApp.swift in Sources */ = {isa = PBXBuildFile; fileRef = 6F1504A62C0B80EA003784C2 /* UniversalClipboardApp.swift */; };
		6F1504AB2C0B80F3003784C2 /* Assets.xcassets in Resources */ = {isa = PBXBuildFile; fileRef = 6F1504AA2C0B80F3003784C2 /* Assets.xcassets */; };
		6F1504AE2C0B80F3003784C2 /* Preview Assets.xcassets in Resources */ = {isa = PBXBuildFile; fileRef = 6F1504AD2C0B80F3003784C2 /* Preview Assets.xcassets */; };
		6F1504B62C0B82EC003784C2 /* AppDelegate.swift in Sources */ = {isa = PBXBuildFile; fileRef = 6F1504B52C0B82EC003784C2 /* AppDelegate.swift */; };
		6F1504B82C0B95E3003784C2 /* PopoverView.swift in Sources */ = {isa = PBXBuildFile; fileRef = 6F1504B72C0B95E3003784C2 /* PopoverView.swift */; };
		6F9F03932C0BB53A0049D76B /* WebsocketManager.swift in Sources */ = {isa = PBXBuildFile; fileRef = 6F9F03922C0BB53A0049D76B /* WebsocketManager.swift */; };
		6F9F03952C0BCF630049D76B /* SocketStream.swift in Sources */ = {isa = PBXBuildFile; fileRef = 6F9F03942C0BCF630049D76B /* SocketStream.swift */; };
/* End PBXBuildFile section */

/* Begin PBXFileReference section */
		6F1504A32C0B80EA003784C2 /* UniversalClipboard.app */ = {isa = PBXFileReference; explicitFileType = wrapper.application; includeInIndex = 0; path = UniversalClipboard.app; sourceTree = BUILT_PRODUCTS_DIR; };
		6F1504A62C0B80EA003784C2 /* UniversalClipboardApp.swift */ = {isa = PBXFileReference; lastKnownFileType = sourcecode.swift; path = UniversalClipboardApp.swift; sourceTree = "<group>"; };
		6F1504AA2C0B80F3003784C2 /* Assets.xcassets */ = {isa = PBXFileReference; lastKnownFileType = folder.assetcatalog; path = Assets.xcassets; sourceTree = "<group>"; };
		6F1504AD2C0B80F3003784C2 /* Preview Assets.xcassets */ = {isa = PBXFileReference; lastKnownFileType = folder.assetcatalog; path = "Preview Assets.xcassets"; sourceTree = "<group>"; };
		6F1504AF2C0B80F3003784C2 /* UniversalClipboard.entitlements */ = {isa = PBXFileReference; lastKnownFileType = text.plist.entitlements; path = UniversalClipboard.entitlements; sourceTree = "<group>"; };
		6F1504B52C0B82EC003784C2 /* AppDelegate.swift */ = {isa = PBXFileReference; lastKnownFileType = sourcecode.swift; path = AppDelegate.swift; sourceTree = "<group>"; };
		6F1504B72C0B95E3003784C2 /* PopoverView.swift */ = {isa = PBXFileReference; lastKnownFileType = sourcecode.swift; path = PopoverView.swift; sourceTree = "<group>"; };
		6F9F03922C0BB53A0049D76B /* WebsocketManager.swift */ = {isa = PBXFileReference; lastKnownFileType = sourcecode.swift; path = WebsocketManager.swift; sourceTree = "<group>"; };
		6F9F03942C0BCF630049D76B /* SocketStream.swift */ = {isa = PBXFileReference; lastKnownFileType = sourcecode.swift; path = SocketStream.swift; sourceTree = "<group>"; };
/* End PBXFileReference section */

/* Begin PBXFrameworksBuildPhase section */
		6F1504A02C0B80EA003784C2 /* Frameworks */ = {
			isa = PBXFrameworksBuildPhase;
			buildActionMask = 2147483647;
			files = (
			);
			runOnlyForDeploymentPostprocessing = 0;
		};
/* End PBXFrameworksBuildPhase section */

/* Begin PBXGroup section */
		6F15049A2C0B80EA003784C2 = {
			isa = PBXGroup;
			children = (
				6F1504A52C0B80EA003784C2 /* UniversalClipboard */,
				6F1504A42C0B80EA003784C2 /* Products */,
			);
			sourceTree = "<group>";
		};
		6F1504A42C0B80EA003784C2 /* Products */ = {
			isa = PBXGroup;
			children = (
				6F1504A32C0B80EA003784C2 /* UniversalClipboard.app */,
			);
			name = Products;
			sourceTree = "<group>";
		};
		6F1504A52C0B80EA003784C2 /* UniversalClipboard */ = {
			isa = PBXGroup;
			children = (
				6F1504B52C0B82EC003784C2 /* AppDelegate.swift */,
				6F1504B72C0B95E3003784C2 /* PopoverView.swift */,
				6F9F03942C0BCF630049D76B /* SocketStream.swift */,
				6F1504A62C0B80EA003784C2 /* UniversalClipboardApp.swift */,
				6F9F03922C0BB53A0049D76B /* WebsocketManager.swift */,
				6F1504AA2C0B80F3003784C2 /* Assets.xcassets */,
				6F1504AF2C0B80F3003784C2 /* UniversalClipboard.entitlements */,
				6F1504AC2C0B80F3003784C2 /* Preview Content */,
			);
			path = UniversalClipboard;
			sourceTree = "<group>";
		};
		6F1504AC2C0B80F3003784C2 /* Preview Content */ = {
			isa = PBXGroup;
			children = (
				6F1504AD2C0B80F3003784C2 /* Preview Assets.xcassets */,
			);
			path = "Preview Content";
			sourceTree = "<group>";
		};
/* End PBXGroup section */

/* Begin PBXNativeTarget section */
		6F1504A22C0B80EA003784C2 /* UniversalClipboard */ = {
			isa = PBXNativeTarget;
			buildConfigurationList = 6F1504B22C0B80F3003784C2 /* Build configuration list for PBXNativeTarget "UniversalClipboard" */;
			buildPhases = (
				6F15049F2C0B80EA003784C2 /* Sources */,
				6F1504A02C0B80EA003784C2 /* Frameworks */,
				6F1504A12C0B80EA003784C2 /* Resources */,
			);
			buildRules = (
			);
			dependencies = (
			);
			name = UniversalClipboard;
			productName = UniversalClipboard;
			productReference = 6F1504A32C0B80EA003784C2 /* UniversalClipboard.app */;
			productType = "com.apple.product-type.application";
		};
/* End PBXNativeTarget section */

/* Begin PBXProject section */
		6F15049B2C0B80EA003784C2 /* Project object */ = {
			isa = PBXProject;
			attributes = {
				BuildIndependentTargetsInParallel = 1;
				LastSwiftUpdateCheck = 1520;
				LastUpgradeCheck = 1520;
				TargetAttributes = {
					6F1504A22C0B80EA003784C2 = {
						CreatedOnToolsVersion = 15.2;
					};
				};
			};
			buildConfigurationList = 6F15049E2C0B80EA003784C2 /* Build configuration list for PBXProject "UniversalClipboard" */;
			compatibilityVersion = "Xcode 14.0";
			developmentRegion = en;
			hasScannedForEncodings = 0;
			knownRegions = (
				en,
				Base,
			);
			mainGroup = 6F15049A2C0B80EA003784C2;
			productRefGroup = 6F1504A42C0B80EA003784C2 /* Products */;
			projectDirPath = "";
			projectRoot = "";
			targets = (
				6F1504A22C0B80EA003784C2 /* UniversalClipboard */,
			);
		};
/* End PBXProject section */

/* Begin PBXResourcesBuildPhase section */
		6F1504A12C0B80EA003784C2 /* Resources */ = {
			isa = PBXResourcesBuildPhase;
			buildActionMask = 2147483647;
			files = (
				6F1504AE2C0B80F3003784C2 /* Preview Assets.xcassets in Resources */,
				6F1504AB2C0B80F3003784C2 /* Assets.xcassets in Resources */,
			);
			runOnlyForDeploymentPostprocessing = 0;
		};
/* End PBXResourcesBuildPhase section */

/* Begin PBXSourcesBuildPhase section */
		6F15049F2C0B80EA003784C2 /* Sources */ = {
			isa = PBXSourcesBuildPhase;
			buildActionMask = 2147483647;
			files = (
				6F1504B82C0B95E3003784C2 /* PopoverView.swift in Sources */,
				6F1504B62C0B82EC003784C2 /* AppDelegate.swift in Sources */,
				6F1504A72C0B80EA003784C2 /* UniversalClipboardApp.swift in Sources */,
				6F9F03952C0BCF630049D76B /* SocketStream.swift in Sources */,
				6F9F03932C0BB53A0049D76B /* WebsocketManager.swift in Sources */,
			);
			runOnlyForDeploymentPostprocessing = 0;
		};
/* End PBXSourcesBuildPhase section */

/* Begin XCBuildConfiguration section */
		6F1504B02C0B80F3003784C2 /* Debug */ = {
			isa = XCBuildConfiguration;
			buildSettings = {
				ALWAYS_SEARCH_USER_PATHS = NO;
				ASSETCATALOG_COMPILER_GENERATE_SWIFT_ASSET_SYMBOL_EXTENSIONS = YES;
				CLANG_ANALYZER_NONNULL = YES;
				CLANG_ANALYZER_NUMBER_OBJECT_CONVERSION = YES_AGGRESSIVE;
				CLANG_CXX_LANGUAGE_STANDARD = "gnu++20";
				CLANG_ENABLE_MODULES = YES;
				CLANG_ENABLE_OBJC_ARC = YES;
				CLANG_ENABLE_OBJC_WEAK = YES;
				CLANG_WARN_BLOCK_CAPTURE_AUTORELEASING = YES;
				CLANG_WARN_BOOL_CONVERSION = YES;
				CLANG_WARN_COMMA = YES;
				CLANG_WARN_CONSTANT_CONVERSION = YES;
				CLANG_WARN_DEPRECATED_OBJC_IMPLEMENTATIONS = YES;
				CLANG_WARN_DIRECT_OBJC_ISA_USAGE = YES_ERROR;
				CLANG_WARN_DOCUMENTATION_COMMENTS = YES;
				CLANG_WARN_EMPTY_BODY = YES;
				CLANG_WARN_ENUM_CONVERSION = YES;
				CLANG_WARN_INFINITE_RECURSION = YES;
				CLANG_WARN_INT_CONVERSION = YES;
				CLANG_WARN_NON_LITERAL_NULL_CONVERSION = YES;
				CLANG_WARN_OBJC_IMPLICIT_RETAIN_SELF = YES;
				CLANG_WARN_OBJC_LITERAL_CONVERSION = YES;
				CLANG_WARN_OBJC_ROOT_CLASS = YES_ERROR;
				CLANG_WARN_QUOTED_INCLUDE_IN_FRAMEWORK_HEADER = YES;
				CLANG_WARN_RANGE_LOOP_ANALYSIS = YES;
				CLANG_WARN_STRICT_PROTOTYPES = YES;
				CLANG_WARN_SUSPICIOUS_MOVE = YES;
				CLANG_WARN_UNGUARDED_AVAILABILITY = YES_AGGRESSIVE;
				CLANG_WARN_UNREACHABLE_CODE = YES;
				CLANG_WARN__DUPLICATE_METHOD_MATCH = YES;
				COPY_PHASE_STRIP = NO;
				DEBUG_INFORMATION_FORMAT = dwarf;
				ENABLE_STRICT_OBJC_MSGSEND = YES;
				ENABLE_TESTABILITY = YES;
				ENABLE_USER_SCRIPT_SANDBOXING = YES;
				GCC_C_LANGUAGE_STANDARD = gnu17;
				GCC_DYNAMIC_NO_PIC = NO;
				GCC_NO_COMMON_BLOCKS = YES;
				GCC_OPTIMIZATION_LEVEL = 0;
				GCC_PREPROCESSOR_DEFINITIONS = (
					"DEBUG=1",
					"$(inherited)",
				);
				GCC_WARN_64_TO_32_BIT_CONVERSION = YES;
				GCC_WARN_ABOUT_RETURN_TYPE = YES_ERROR;
				GCC_WARN_UNDECLARED_SELECTOR = YES;
				GCC_WARN_UNINITIALIZED_AUTOS = YES_AGGRESSIVE;
				GCC_WARN_UNUSED_FUNCTION = YES;
				GCC_WARN_UNUSED_VARIABLE = YES;
				LOCALIZATION_PREFERS_STRING_CATALOGS = YES;
				MACOSX_DEPLOYMENT_TARGET = 14.2;
				MTL_ENABLE_DEBUG_INFO = INCLUDE_SOURCE;
				MTL_FAST_MATH = YES;
				ONLY_ACTIVE_ARCH = YES;
				SDKROOT = macosx;
				SWIFT_ACTIVE_COMPILATION_CONDITIONS = "DEBUG $(inherited)";
				SWIFT_OPTIMIZATION_LEVEL = "-Onone";
			};
			name = Debug;
		};
		6F1504B12C0B80F3003784C2 /* Release */ = {
			isa = XCBuildConfiguration;
			buildSettings = {
				ALWAYS_SEARCH_USER_PATHS = NO;
				ASSETCATALOG_COMPILER_GENERATE_SWIFT_ASSET_SYMBOL_EXTENSIONS = YES;
				CLANG_ANALYZER_NONNULL = YES;
				CLANG_ANALYZER_NUMBER_OBJECT_CONVERSION = YES_AGGRESSIVE;
				CLANG_CXX_LANGUAGE_STANDARD = "gnu++20";
				CLANG_ENABLE_MODULES = YES;
				CLANG_ENABLE_OBJC_ARC = YES;
				CLANG_ENABLE_OBJC_WEAK = YES;
				CLANG_WARN_BLOCK_CAPTURE_AUTORELEASING = YES;
				CLANG_WARN_BOOL_CONVERSION = YES;
				CLANG_WARN_COMMA = YES;
				CLANG_WARN_CONSTANT_CONVERSION = YES;
				CLANG_WARN_DEPRECATED_OBJC_IMPLEMENTATIONS = YES;
				CLANG_WARN_DIRECT_OBJC_ISA_USAGE = YES_ERROR;
				CLANG_WARN_DOCUMENTATION_COMMENTS = YES;
				CLANG_WARN_EMPTY_BODY = YES;
				CLANG_WARN_ENUM_CONVERSION = YES;
				CLANG_WARN_INFINITE_RECURSION = YES;
				CLANG_WARN_INT_CONVERSION = YES;
				CLANG_WARN_NON_LITERAL_NULL_CONVERSION = YES;
				CLANG_WARN_OBJC_IMPLICIT_RETAIN_SELF = YES;
				CLANG_WARN_OBJC_LITERAL_CONVERSION = YES;
				CLANG_WARN_OBJC_ROOT_CLASS = YES_ERROR;
				CLANG_WARN_QUOTED_INCLUDE_IN_FRAMEWORK_HEADER = YES;
				CLANG_WARN_RANGE_LOOP_ANALYSIS = YES;
				CLANG_WARN_STRICT_PROTOTYPES = YES;
				CLANG_WARN_SUSPICIOUS_MOVE = YES;
				CLANG_WARN_UNGUARDED_AVAILABILITY = YES_AGGRESSIVE;
				CLANG_WARN_UNREACHABLE_CODE = YES;
				CLANG_WARN__DUPLICATE_METHOD_MATCH = YES;
				COPY_PHASE_STRIP = NO;
				DEBUG_INFORMATION_FORMAT = "dwarf-with-dsym";
				ENABLE_NS_ASSERTIONS = NO;
				ENABLE_STRICT_OBJC_MSGSEND = YES;
				ENABLE_USER_SCRIPT_SANDBOXING = YES;
				GCC_C_LANGUAGE_STANDARD = gnu17;
				GCC_NO_COMMON_BLOCKS = YES;
				GCC_WARN_64_TO_32_BIT_CONVERSION = YES;
				GCC_WARN_ABOUT_RETURN_TYPE = YES_ERROR;
				GCC_WARN_UNDECLARED_SELECTOR = YES;
				GCC_WARN_UNINITIALIZED_AUTOS = YES_AGGRESSIVE;
				GCC_WARN_UNUSED_FUNCTION = YES;
				GCC_WARN_UNUSED_VARIABLE = YES;
				LOCALIZATION_PREFERS_STRING_CATALOGS = YES;
				MACOSX_DEPLOYMENT_TARGET = 14.2;
				MTL_ENABLE_DEBUG_INFO = NO;
				MTL_FAST_MATH = YES;
				SDKROOT = macosx;
				SWIFT_COMPILATION_MODE = wholemodule;
			};
			name = Release;
		};
		6F1504B32C0B80F3003784C2 /* Debug */ = {
			isa = XCBuildConfiguration;
			buildSettings = {
				ASSETCATALOG_COMPILER_APPICON_NAME = AppIcon;
				ASSETCATALOG_COMPILER_GLOBAL_ACCENT_COLOR_NAME = AccentColor;
				CODE_SIGN_ENTITLEMENTS = UniversalClipboard/UniversalClipboard.entitlements;
				CODE_SIGN_STYLE = Automatic;
				COMBINE_HIDPI_IMAGES = YES;
				CURRENT_PROJECT_VERSION = 1;
				DEVELOPMENT_ASSET_PATHS = "\"UniversalClipboard/Preview Content\"";
				DEVELOPMENT_TEAM = ZW4Q62B42M;
				ENABLE_HARDENED_RUNTIME = YES;
				ENABLE_PREVIEWS = YES;
				GENERATE_INFOPLIST_FILE = YES;
				INFOPLIST_KEY_LSUIElement = YES;
				INFOPLIST_KEY_NSHumanReadableCopyright = "";
				LD_RUNPATH_SEARCH_PATHS = (
					"$(inherited)",
					"@executable_path/../Frameworks",
				);
				MARKETING_VERSION = 1.0;
				PRODUCT_BUNDLE_IDENTIFIER = com.UniversalClipboard;
				PRODUCT_NAME = "$(TARGET_NAME)";
				SWIFT_EMIT_LOC_STRINGS = YES;
				SWIFT_VERSION = 5.0;
			};
			name = Debug;
		};
		6F1504B42C0B80F3003784C2 /* Release */ = {
			isa = XCBuildConfiguration;
			buildSettings = {
				ASSETCATALOG_COMPILER_APPICON_NAME = AppIcon;
				ASSETCATALOG_COMPILER_GLOBAL_ACCENT_COLOR_NAME = AccentColor;
				CODE_SIGN_ENTITLEMENTS = UniversalClipboard/UniversalClipboard.entitlements;
				CODE_SIGN_STYLE = Automatic;
				COMBINE_HIDPI_IMAGES = YES;
				CURRENT_PROJECT_VERSION = 1;
				DEVELOPMENT_ASSET_PATHS = "\"UniversalClipboard/Preview Content\"";
				DEVELOPMENT_TEAM = ZW4Q62B42M;
				ENABLE_HARDENED_RUNTIME = YES;
				ENABLE_PREVIEWS = YES;
				GENERATE_INFOPLIST_FILE = YES;
				INFOPLIST_KEY_LSUIElement = YES;
				INFOPLIST_KEY_NSHumanReadableCopyright = "";
				LD_RUNPATH_SEARCH_PATHS = (
					"$(inherited)",
					"@executable_path/../Frameworks",
				);
				MARKETING_VERSION = 1.0;
				PRODUCT_BUNDLE_IDENTIFIER = com.UniversalClipboard;
				PRODUCT_NAME = "$(TARGET_NAME)";
				SWIFT_EMIT_LOC_STRINGS = YES;
				SWIFT_VERSION = 5.0;
			};
			name = Release;
		};
/* End XCBuildConfiguration section */

/* Begin XCConfigurationList section */
		6F15049E2C0B80EA003784C2 /* Build configuration list for PBXProject "UniversalClipboard" */ = {
			isa = XCConfigurationList;
			buildConfigurations = (
				6F1504B02C0B80F3003784C2 /* Debug */,
				6F1504B12C0B80F3003784C2 /* Release */,
			);
			defaultConfigurationIsVisible = 0;
			defaultConfigurationName = Release;
		};
		6F1504B22C0B80F3003784C2 /* Build configuration list for PBXNativeTarget "UniversalClipboard" */ = {
			isa = XCConfigurationList;
			buildConfigurations = (
				6F1504B32C0B80F3003784C2 /* Debug */,
				6F1504B42C0B80F3003784C2 /* Release */,
			);
			defaultConfigurationIsVisible = 0;
			defaultConfigurationName = Release;
		};
/* End XCConfigurationList section */
	};
	rootObject = 6F15049B2C0B80EA003784C2 /* Project object */;
}
